{
  "lockfileVersion": 1,
  "configVersion": 1,
  "workspaces": {
    "": {
      "name": "nest-uws",
      "dependencies": {
        "uWebSockets.js": "^20.56.0",
      },
      "devDependencies": {
        "@biomejs/biome": "^2.3.5",
        "@types/bun": "latest",
        "tsdown": "^0.16.4",
      },
      "peerDependencies": {
        "@msgpack/msgpack": "^3.1.2",
        "@nestjs/common": "^11.1.6",
        "rxjs": "^7.8.2",
        "typescript": "^5",
      },
    },
  },
  "packages": {
    "@babel/generator": ["@babel/generator@7.28.5", "https://private-registry.torln.com/@babel/generator/-/generator-7.28.5.tgz", { "dependencies": { "@babel/parser": "^7.28.5", "@babel/types": "^7.28.5", "@jridgewell/gen-mapping": "^0.3.12", "@jridgewell/trace-mapping": "^0.3.28", "jsesc": "^3.0.2" } }, "sha512-3EwLFhZ38J4VyIP6WNtt2kUdW9dokXA9Cr4IVIFHuCpZ3H8/YFOl5JjZHisrn1fATPBmKKqXzDFvh9fUwHz6CQ=="],

    "@babel/helper-string-parser": ["@babel/helper-string-parser@7.27.1", "https://private-registry.torln.com/@babel/helper-string-parser/-/helper-string-parser-7.27.1.tgz", {}, "sha512-qMlSxKbpRlAridDExk92nSobyDdpPijUq2DW6oDnUqd0iOGxmQjyqhMIihI9+zv4LPyZdRje2cavWPbCbWm3eA=="],

    "@babel/helper-validator-identifier": ["@babel/helper-validator-identifier@7.28.5", "https://private-registry.torln.com/@babel/helper-validator-identifier/-/helper-validator-identifier-7.28.5.tgz", {}, "sha512-qSs4ifwzKJSV39ucNjsvc6WVHs6b7S03sOh2OcHF9UHfVPqWWALUsNUVzhSBiItjRZoLHx7nIarVjqKVusUZ1Q=="],

    "@babel/parser": ["@babel/parser@7.28.5", "https://private-registry.torln.com/@babel/parser/-/parser-7.28.5.tgz", { "dependencies": { "@babel/types": "^7.28.5" }, "bin": "./bin/babel-parser.js" }, "sha512-KKBU1VGYR7ORr3At5HAtUQ+TV3SzRCXmA/8OdDZiLDBIZxVyzXuztPjfLd3BV1PRAQGCMWWSHYhL0F8d5uHBDQ=="],

    "@babel/types": ["@babel/types@7.28.5", "https://private-registry.torln.com/@babel/types/-/types-7.28.5.tgz", { "dependencies": { "@babel/helper-string-parser": "^7.27.1", "@babel/helper-validator-identifier": "^7.28.5" } }, "sha512-qQ5m48eI/MFLQ5PxQj4PFaprjyCTLI37ElWMmNs0K8Lk3dVeOdNpB3ks8jc7yM5CDmVC73eMVk/trk3fgmrUpA=="],

    "@biomejs/biome": ["@biomejs/biome@2.3.5", "", { "optionalDependencies": { "@biomejs/cli-darwin-arm64": "2.3.5", "@biomejs/cli-darwin-x64": "2.3.5", "@biomejs/cli-linux-arm64": "2.3.5", "@biomejs/cli-linux-arm64-musl": "2.3.5", "@biomejs/cli-linux-x64": "2.3.5", "@biomejs/cli-linux-x64-musl": "2.3.5", "@biomejs/cli-win32-arm64": "2.3.5", "@biomejs/cli-win32-x64": "2.3.5" }, "bin": { "biome": "bin/biome" } }, "sha512-HvLhNlIlBIbAV77VysRIBEwp55oM/QAjQEin74QQX9Xb259/XP/D5AGGnZMOyF1el4zcvlNYYR3AyTMUV3ILhg=="],

    "@biomejs/cli-darwin-arm64": ["@biomejs/cli-darwin-arm64@2.3.5", "", { "os": "darwin", "cpu": "arm64" }, "sha512-fLdTur8cJU33HxHUUsii3GLx/TR0BsfQx8FkeqIiW33cGMtUD56fAtrh+2Fx1uhiCsVZlFh6iLKUU3pniZREQw=="],

    "@biomejs/cli-darwin-x64": ["@biomejs/cli-darwin-x64@2.3.5", "", { "os": "darwin", "cpu": "x64" }, "sha512-qpT8XDqeUlzrOW8zb4k3tjhT7rmvVRumhi2657I2aGcY4B+Ft5fNwDdZGACzn8zj7/K1fdWjgwYE3i2mSZ+vOA=="],

    "@biomejs/cli-linux-arm64": ["@biomejs/cli-linux-arm64@2.3.5", "", { "os": "linux", "cpu": "arm64" }, "sha512-u/pybjTBPGBHB66ku4pK1gj+Dxgx7/+Z0jAriZISPX1ocTO8aHh8x8e7Kb1rB4Ms0nA/SzjtNOVJ4exVavQBCw=="],

    "@biomejs/cli-linux-arm64-musl": ["@biomejs/cli-linux-arm64-musl@2.3.5", "", { "os": "linux", "cpu": "arm64" }, "sha512-eGUG7+hcLgGnMNl1KHVZUYxahYAhC462jF/wQolqu4qso2MSk32Q+QrpN7eN4jAHAg7FUMIo897muIhK4hXhqg=="],

    "@biomejs/cli-linux-x64": ["@biomejs/cli-linux-x64@2.3.5", "", { "os": "linux", "cpu": "x64" }, "sha512-XrIVi9YAW6ye0CGQ+yax0gLfx+BFOtKaNX74n+xHWla6Cl6huUmcKNO7HPx7BiKnJUzrxXY1qYlm7xMvi08X4g=="],

    "@biomejs/cli-linux-x64-musl": ["@biomejs/cli-linux-x64-musl@2.3.5", "", { "os": "linux", "cpu": "x64" }, "sha512-awVuycTPpVTH/+WDVnEEYSf6nbCBHf/4wB3lquwT7puhNg8R4XvonWNZzUsfHZrCkjkLhFH/vCZK5jHatD9FEg=="],

    "@biomejs/cli-win32-arm64": ["@biomejs/cli-win32-arm64@2.3.5", "", { "os": "win32", "cpu": "arm64" }, "sha512-DlBiMlBZZ9eIq4H7RimDSGsYcOtfOIfZOaI5CqsWiSlbTfqbPVfWtCf92wNzx8GNMbu1s7/g3ZZESr6+GwM/SA=="],

    "@biomejs/cli-win32-x64": ["@biomejs/cli-win32-x64@2.3.5", "", { "os": "win32", "cpu": "x64" }, "sha512-nUmR8gb6yvrKhtRgzwo/gDimPwnO5a4sCydf8ZS2kHIJhEmSmk+STsusr1LHTuM//wXppBawvSQi2xFXJCdgKQ=="],

    "@borewit/text-codec": ["@borewit/text-codec@0.1.1", "", {}, "sha512-5L/uBxmjaCIX5h8Z+uu+kA9BQLkc/Wl06UGR5ajNRxu+/XjonB5i8JpgFMrPj3LXTCPA0pv8yxUvbUi+QthGGA=="],

    "@emnapi/core": ["@emnapi/core@1.7.1", "https://private-registry.torln.com/@emnapi/core/-/core-1.7.1.tgz", { "dependencies": { "@emnapi/wasi-threads": "1.1.0", "tslib": "^2.4.0" } }, "sha512-o1uhUASyo921r2XtHYOHy7gdkGLge8ghBEQHMWmyJFoXlpU58kIrhhN3w26lpQb6dspetweapMn2CSNwQ8I4wg=="],

    "@emnapi/runtime": ["@emnapi/runtime@1.7.1", "https://private-registry.torln.com/@emnapi/runtime/-/runtime-1.7.1.tgz", { "dependencies": { "tslib": "^2.4.0" } }, "sha512-PVtJr5CmLwYAU9PZDMITZoR5iAOShYREoR45EyyLrbntV50mdePTgUn4AmOw90Ifcj+x2kRjdzr1HP3RrNiHGA=="],

    "@emnapi/wasi-threads": ["@emnapi/wasi-threads@1.1.0", "https://private-registry.torln.com/@emnapi/wasi-threads/-/wasi-threads-1.1.0.tgz", { "dependencies": { "tslib": "^2.4.0" } }, "sha512-WI0DdZ8xFSbgMjR1sFsKABJ/C5OnRrjT06JXbZKexJGrDuPTzZdDYfFlsgcCXCyf+suG5QU2e/y1Wo2V/OapLQ=="],

    "@jridgewell/gen-mapping": ["@jridgewell/gen-mapping@0.3.13", "https://private-registry.torln.com/@jridgewell/gen-mapping/-/gen-mapping-0.3.13.tgz", { "dependencies": { "@jridgewell/sourcemap-codec": "^1.5.0", "@jridgewell/trace-mapping": "^0.3.24" } }, "sha512-2kkt/7niJ6MgEPxF0bYdQ6etZaA+fQvDcLKckhy1yIQOzaoKjBBjSj63/aLVjYE3qhRt5dvM+uUyfCg6UKCBbA=="],

    "@jridgewell/resolve-uri": ["@jridgewell/resolve-uri@3.1.2", "https://private-registry.torln.com/@jridgewell/resolve-uri/-/resolve-uri-3.1.2.tgz", {}, "sha512-bRISgCIjP20/tbWSPWMEi54QVPRZExkuD9lJL+UIxUKtwVJA8wW1Trb1jMs1RFXo1CBTNZ/5hpC9QvmKWdopKw=="],

    "@jridgewell/sourcemap-codec": ["@jridgewell/sourcemap-codec@1.5.5", "https://private-registry.torln.com/@jridgewell/sourcemap-codec/-/sourcemap-codec-1.5.5.tgz", {}, "sha512-cYQ9310grqxueWbl+WuIUIaiUaDcj7WOq5fVhEljNVgRfOUhY9fy2zTvfoqWsnebh8Sl70VScFbICvJnLKB0Og=="],

    "@jridgewell/trace-mapping": ["@jridgewell/trace-mapping@0.3.31", "https://private-registry.torln.com/@jridgewell/trace-mapping/-/trace-mapping-0.3.31.tgz", { "dependencies": { "@jridgewell/resolve-uri": "^3.1.0", "@jridgewell/sourcemap-codec": "^1.4.14" } }, "sha512-zzNR+SdQSDJzc8joaeP8QQoCQr8NuYx2dIIytl1QeBEZHJ9uW6hebsrYgbz8hJwUQao3TWCMtmfV8Nu1twOLAw=="],

    "@lukeed/csprng": ["@lukeed/csprng@1.1.0", "", {}, "sha512-Z7C/xXCiGWsg0KuKsHTKJxbWhpI3Vs5GwLfOean7MGyVFGqdRgBbAjOCh6u4bbjPc/8MJ2pZmK/0DLdCbivLDA=="],

    "@msgpack/msgpack": ["@msgpack/msgpack@3.1.2", "https://private-registry.torln.com/@msgpack/msgpack/-/msgpack-3.1.2.tgz", {}, "sha512-JEW4DEtBzfe8HvUYecLU9e6+XJnKDlUAIve8FvPzF3Kzs6Xo/KuZkZJsDH0wJXl/qEZbeeE7edxDNY3kMs39hQ=="],

    "@napi-rs/wasm-runtime": ["@napi-rs/wasm-runtime@1.0.7", "https://private-registry.torln.com/@napi-rs/wasm-runtime/-/wasm-runtime-1.0.7.tgz", { "dependencies": { "@emnapi/core": "^1.5.0", "@emnapi/runtime": "^1.5.0", "@tybys/wasm-util": "^0.10.1" } }, "sha512-SeDnOO0Tk7Okiq6DbXmmBODgOAb9dp9gjlphokTUxmt8U3liIP1ZsozBahH69j/RJv+Rfs6IwUKHTgQYJ/HBAw=="],

    "@nestjs/common": ["@nestjs/common@11.1.9", "", { "dependencies": { "file-type": "21.1.0", "iterare": "1.2.1", "load-esm": "1.0.3", "tslib": "2.8.1", "uid": "2.0.2" }, "peerDependencies": { "class-transformer": ">=0.4.1", "class-validator": ">=0.13.2", "reflect-metadata": "^0.1.12 || ^0.2.0", "rxjs": "^7.1.0" }, "optionalPeers": ["class-transformer", "class-validator"] }, "sha512-zDntUTReRbAThIfSp3dQZ9kKqI+LjgLp5YZN5c1bgNRDuoeLySAoZg46Bg1a+uV8TMgIRziHocglKGNzr6l+bQ=="],

    "@oxc-project/runtime": ["@oxc-project/runtime@0.97.0", "https://private-registry.torln.com/@oxc-project/runtime/-/runtime-0.97.0.tgz", {}, "sha512-yH0zw7z+jEws4dZ4IUKoix5Lh3yhqIJWF9Dc8PWvhpo7U7O+lJrv7ZZL4BeRO0la8LBQFwcCewtLBnVV7hPe/w=="],

    "@oxc-project/types": ["@oxc-project/types@0.97.0", "https://private-registry.torln.com/@oxc-project/types/-/types-0.97.0.tgz", {}, "sha512-lxmZK4xFrdvU0yZiDwgVQTCvh2gHWBJCBk5ALsrtsBWhs0uDIi+FTOnXRQeQfs304imdvTdaakT/lqwQ8hkOXQ=="],

    "@quansync/fs": ["@quansync/fs@0.1.5", "https://private-registry.torln.com/@quansync/fs/-/fs-0.1.5.tgz", { "dependencies": { "quansync": "^0.2.11" } }, "sha512-lNS9hL2aS2NZgNW7BBj+6EBl4rOf8l+tQ0eRY6JWCI8jI2kc53gSoqbjojU0OnAWhzoXiOjFyGsHcDGePB3lhA=="],

    "@rolldown/binding-android-arm64": ["@rolldown/binding-android-arm64@1.0.0-beta.50", "https://private-registry.torln.com/@rolldown/binding-android-arm64/-/binding-android-arm64-1.0.0-beta.50.tgz", { "os": "android", "cpu": "arm64" }, "sha512-XlEkrOIHLyGT3avOgzfTFSjG+f+dZMw+/qd+Y3HLN86wlndrB/gSimrJCk4gOhr1XtRtEKfszpadI3Md4Z4/Ag=="],

    "@rolldown/binding-darwin-arm64": ["@rolldown/binding-darwin-arm64@1.0.0-beta.50", "https://private-registry.torln.com/@rolldown/binding-darwin-arm64/-/binding-darwin-arm64-1.0.0-beta.50.tgz", { "os": "darwin", "cpu": "arm64" }, "sha512-+JRqKJhoFlt5r9q+DecAGPLZ5PxeLva+wCMtAuoFMWPoZzgcYrr599KQ+Ix0jwll4B4HGP43avu9My8KtSOR+w=="],

    "@rolldown/binding-darwin-x64": ["@rolldown/binding-darwin-x64@1.0.0-beta.50", "https://private-registry.torln.com/@rolldown/binding-darwin-x64/-/binding-darwin-x64-1.0.0-beta.50.tgz", { "os": "darwin", "cpu": "x64" }, "sha512-fFXDjXnuX7/gQZQm/1FoivVtRcyAzdjSik7Eo+9iwPQ9EgtA5/nB2+jmbzaKtMGG3q+BnZbdKHCtOacmNrkIDA=="],

    "@rolldown/binding-freebsd-x64": ["@rolldown/binding-freebsd-x64@1.0.0-beta.50", "https://private-registry.torln.com/@rolldown/binding-freebsd-x64/-/binding-freebsd-x64-1.0.0-beta.50.tgz", { "os": "freebsd", "cpu": "x64" }, "sha512-F1b6vARy49tjmT/hbloplzgJS7GIvwWZqt+tAHEstCh0JIh9sa8FAMVqEmYxDviqKBaAI8iVvUREm/Kh/PD26Q=="],

    "@rolldown/binding-linux-arm-gnueabihf": ["@rolldown/binding-linux-arm-gnueabihf@1.0.0-beta.50", "https://private-registry.torln.com/@rolldown/binding-linux-arm-gnueabihf/-/binding-linux-arm-gnueabihf-1.0.0-beta.50.tgz", { "os": "linux", "cpu": "arm" }, "sha512-U6cR76N8T8M6lHj7EZrQ3xunLPxSvYYxA8vJsBKZiFZkT8YV4kjgCO3KwMJL0NOjQCPGKyiXO07U+KmJzdPGRw=="],

    "@rolldown/binding-linux-arm64-gnu": ["@rolldown/binding-linux-arm64-gnu@1.0.0-beta.50", "https://private-registry.torln.com/@rolldown/binding-linux-arm64-gnu/-/binding-linux-arm64-gnu-1.0.0-beta.50.tgz", { "os": "linux", "cpu": "arm64" }, "sha512-ONgyjofCrrE3bnh5GZb8EINSFyR/hmwTzZ7oVuyUB170lboza1VMCnb8jgE6MsyyRgHYmN8Lb59i3NKGrxrYjw=="],

    "@rolldown/binding-linux-arm64-musl": ["@rolldown/binding-linux-arm64-musl@1.0.0-beta.50", "https://private-registry.torln.com/@rolldown/binding-linux-arm64-musl/-/binding-linux-arm64-musl-1.0.0-beta.50.tgz", { "os": "linux", "cpu": "arm64" }, "sha512-L0zRdH2oDPkmB+wvuTl+dJbXCsx62SkqcEqdM+79LOcB+PxbAxxjzHU14BuZIQdXcAVDzfpMfaHWzZuwhhBTcw=="],

    "@rolldown/binding-linux-x64-gnu": ["@rolldown/binding-linux-x64-gnu@1.0.0-beta.50", "https://private-registry.torln.com/@rolldown/binding-linux-x64-gnu/-/binding-linux-x64-gnu-1.0.0-beta.50.tgz", { "os": "linux", "cpu": "x64" }, "sha512-gyoI8o/TGpQd3OzkJnh1M2kxy1Bisg8qJ5Gci0sXm9yLFzEXIFdtc4EAzepxGvrT2ri99ar5rdsmNG0zP0SbIg=="],

    "@rolldown/binding-linux-x64-musl": ["@rolldown/binding-linux-x64-musl@1.0.0-beta.50", "https://private-registry.torln.com/@rolldown/binding-linux-x64-musl/-/binding-linux-x64-musl-1.0.0-beta.50.tgz", { "os": "linux", "cpu": "x64" }, "sha512-zti8A7M+xFDpKlghpcCAzyOi+e5nfUl3QhU023ce5NCgUxRG5zGP2GR9LTydQ1rnIPwZUVBWd4o7NjZDaQxaXA=="],

    "@rolldown/binding-openharmony-arm64": ["@rolldown/binding-openharmony-arm64@1.0.0-beta.50", "https://private-registry.torln.com/@rolldown/binding-openharmony-arm64/-/binding-openharmony-arm64-1.0.0-beta.50.tgz", { "os": "none", "cpu": "arm64" }, "sha512-eZUssog7qljrrRU9Mi0eqYEPm3Ch0UwB+qlWPMKSUXHNqhm3TvDZarJQdTevGEfu3EHAXJvBIe0YFYr0TPVaMA=="],

    "@rolldown/binding-wasm32-wasi": ["@rolldown/binding-wasm32-wasi@1.0.0-beta.50", "https://private-registry.torln.com/@rolldown/binding-wasm32-wasi/-/binding-wasm32-wasi-1.0.0-beta.50.tgz", { "dependencies": { "@napi-rs/wasm-runtime": "^1.0.7" }, "cpu": "none" }, "sha512-nmCN0nIdeUnmgeDXiQ+2HU6FT162o+rxnF7WMkBm4M5Ds8qTU7Dzv2Wrf22bo4ftnlrb2hKK6FSwAJSAe2FWLg=="],

    "@rolldown/binding-win32-arm64-msvc": ["@rolldown/binding-win32-arm64-msvc@1.0.0-beta.50", "https://private-registry.torln.com/@rolldown/binding-win32-arm64-msvc/-/binding-win32-arm64-msvc-1.0.0-beta.50.tgz", { "os": "win32", "cpu": "arm64" }, "sha512-7kcNLi7Ua59JTTLvbe1dYb028QEPaJPJQHqkmSZ5q3tJueUeb6yjRtx8mw4uIqgWZcnQHAR3PrLN4XRJxvgIkA=="],

    "@rolldown/binding-win32-ia32-msvc": ["@rolldown/binding-win32-ia32-msvc@1.0.0-beta.50", "https://private-registry.torln.com/@rolldown/binding-win32-ia32-msvc/-/binding-win32-ia32-msvc-1.0.0-beta.50.tgz", { "os": "win32", "cpu": "ia32" }, "sha512-lL70VTNvSCdSZkDPPVMwWn/M2yQiYvSoXw9hTLgdIWdUfC3g72UaruezusR6ceRuwHCY1Ayu2LtKqXkBO5LIwg=="],

    "@rolldown/binding-win32-x64-msvc": ["@rolldown/binding-win32-x64-msvc@1.0.0-beta.50", "https://private-registry.torln.com/@rolldown/binding-win32-x64-msvc/-/binding-win32-x64-msvc-1.0.0-beta.50.tgz", { "os": "win32", "cpu": "x64" }, "sha512-4qU4x5DXWB4JPjyTne/wBNPqkbQU8J45bl21geERBKtEittleonioACBL1R0PsBu0Aq21SwMK5a9zdBkWSlQtQ=="],

    "@rolldown/pluginutils": ["@rolldown/pluginutils@1.0.0-beta.50", "https://private-registry.torln.com/@rolldown/pluginutils/-/pluginutils-1.0.0-beta.50.tgz", {}, "sha512-5e76wQiQVeL1ICOZVUg4LSOVYg9jyhGCin+icYozhsUzM+fHE7kddi1bdiE0jwVqTfkjba3jUFbEkoC9WkdvyA=="],

    "@tokenizer/inflate": ["@tokenizer/inflate@0.3.1", "", { "dependencies": { "debug": "^4.4.1", "fflate": "^0.8.2", "token-types": "^6.0.0" } }, "sha512-4oeoZEBQdLdt5WmP/hx1KZ6D3/Oid/0cUb2nk4F0pTDAWy+KCH3/EnAkZF/bvckWo8I33EqBm01lIPgmgc8rCA=="],

    "@tokenizer/token": ["@tokenizer/token@0.3.0", "", {}, "sha512-OvjF+z51L3ov0OyAU0duzsYuvO01PH7x4t6DJx+guahgTnBHkhJdG7soQeTSFLWN3efnHyibZ4Z8l2EuWwJN3A=="],

    "@tybys/wasm-util": ["@tybys/wasm-util@0.10.1", "https://private-registry.torln.com/@tybys/wasm-util/-/wasm-util-0.10.1.tgz", { "dependencies": { "tslib": "^2.4.0" } }, "sha512-9tTaPJLSiejZKx+Bmog4uSubteqTvFrVrURwkmHixBo0G4seD0zUxp98E1DzUBJxLQ3NPwXrGKDiVjwx/DpPsg=="],

    "@types/bun": ["@types/bun@1.3.2", "", { "dependencies": { "bun-types": "1.3.2" } }, "sha512-t15P7k5UIgHKkxwnMNkJbWlh/617rkDGEdSsDbu+qNHTaz9SKf7aC8fiIlUdD5RPpH6GEkP0cK7WlvmrEBRtWg=="],

    "@types/node": ["@types/node@24.10.1", "", { "dependencies": { "undici-types": "~7.16.0" } }, "sha512-GNWcUTRBgIRJD5zj+Tq0fKOJ5XZajIiBroOF0yvj2bSU1WvNdYS/dn9UxwsujGW4JX06dnHyjV2y9rRaybH0iQ=="],

    "@types/react": ["@types/react@19.2.4", "", { "dependencies": { "csstype": "^3.0.2" } }, "sha512-tBFxBp9Nfyy5rsmefN+WXc1JeW/j2BpBHFdLZbEVfs9wn3E3NRFxwV0pJg8M1qQAexFpvz73hJXFofV0ZAu92A=="],

    "ansis": ["ansis@4.2.0", "https://private-registry.torln.com/ansis/-/ansis-4.2.0.tgz", {}, "sha512-HqZ5rWlFjGiV0tDm3UxxgNRqsOTniqoKZu0pIAfh7TZQMGuZK+hH0drySty0si0QXj1ieop4+SkSfPZBPPkHig=="],

    "ast-kit": ["ast-kit@2.2.0", "https://private-registry.torln.com/ast-kit/-/ast-kit-2.2.0.tgz", { "dependencies": { "@babel/parser": "^7.28.5", "pathe": "^2.0.3" } }, "sha512-m1Q/RaVOnTp9JxPX+F+Zn7IcLYMzM8kZofDImfsKZd8MbR+ikdOzTeztStWqfrqIxZnYWryyI9ePm3NGjnZgGw=="],

    "birpc": ["birpc@2.8.0", "https://private-registry.torln.com/birpc/-/birpc-2.8.0.tgz", {}, "sha512-Bz2a4qD/5GRhiHSwj30c/8kC8QGj12nNDwz3D4ErQ4Xhy35dsSDvF+RA/tWpjyU0pdGtSDiEk6B5fBGE1qNVhw=="],

    "bun-types": ["bun-types@1.3.2", "", { "dependencies": { "@types/node": "*" }, "peerDependencies": { "@types/react": "^19" } }, "sha512-i/Gln4tbzKNuxP70OWhJRZz1MRfvqExowP7U6JKoI8cntFrtxg7RJK3jvz7wQW54UuvNC8tbKHHri5fy74FVqg=="],

    "cac": ["cac@6.7.14", "https://private-registry.torln.com/cac/-/cac-6.7.14.tgz", {}, "sha512-b6Ilus+c3RrdDk+JhLKUAQfzzgLEPy6wcXqS7f/xe1EETvsDP6GORG7SFuOs6cID5YkqchW/LXZbX5bc8j7ZcQ=="],

    "chokidar": ["chokidar@4.0.3", "https://private-registry.torln.com/chokidar/-/chokidar-4.0.3.tgz", { "dependencies": { "readdirp": "^4.0.1" } }, "sha512-Qgzu8kfBvo+cA4962jnP1KkS6Dop5NS6g7R5LFYJr4b8Ub94PPQXUksCw9PvXoeXPRRddRNC5C1JQUR2SMGtnA=="],

    "csstype": ["csstype@3.2.0", "", {}, "sha512-si++xzRAY9iPp60roQiFta7OFbhrgvcthrhlNAGeQptSY25uJjkfUV8OArC3KLocB8JT8ohz+qgxWCmz8RhjIg=="],

    "debug": ["debug@4.4.3", "", { "dependencies": { "ms": "^2.1.3" } }, "sha512-RGwwWnwQvkVfavKVt22FGLw+xYSdzARwm0ru6DhTVA3umU5hZc28V3kO4stgYryrTlLpuvgI9GiijltAjNbcqA=="],

    "diff": ["diff@8.0.2", "https://private-registry.torln.com/diff/-/diff-8.0.2.tgz", {}, "sha512-sSuxWU5j5SR9QQji/o2qMvqRNYRDOcBTgsJ/DeCf4iSN4gW+gNMXM7wFIP+fdXZxoNiAnHUTGjCr+TSWXdRDKg=="],

    "dts-resolver": ["dts-resolver@2.1.3", "https://private-registry.torln.com/dts-resolver/-/dts-resolver-2.1.3.tgz", { "peerDependencies": { "oxc-resolver": ">=11.0.0" }, "optionalPeers": ["oxc-resolver"] }, "sha512-bihc7jPC90VrosXNzK0LTE2cuLP6jr0Ro8jk+kMugHReJVLIpHz/xadeq3MhuwyO4TD4OA3L1Q8pBBFRc08Tsw=="],

    "empathic": ["empathic@2.0.0", "https://private-registry.torln.com/empathic/-/empathic-2.0.0.tgz", {}, "sha512-i6UzDscO/XfAcNYD75CfICkmfLedpyPDdozrLMmQc5ORaQcdMoc21OnlEylMIqI7U8eniKrPMxxtj8k0vhmJhA=="],

    "fdir": ["fdir@6.5.0", "https://private-registry.torln.com/fdir/-/fdir-6.5.0.tgz", { "peerDependencies": { "picomatch": "^3 || ^4" }, "optionalPeers": ["picomatch"] }, "sha512-tIbYtZbucOs0BRGqPJkshJUYdL+SDH7dVM8gjy+ERp3WAUjLEFJE+02kanyHtwjWOnwrKYBiwAmM0p4kLJAnXg=="],

    "fflate": ["fflate@0.8.2", "", {}, "sha512-cPJU47OaAoCbg0pBvzsgpTPhmhqI5eJjh/JIu8tPj5q+T7iLvW/JAYUqmE7KOB4R1ZyEhzBaIQpQpardBF5z8A=="],

    "file-type": ["file-type@21.1.0", "", { "dependencies": { "@tokenizer/inflate": "^0.3.1", "strtok3": "^10.3.1", "token-types": "^6.0.0", "uint8array-extras": "^1.4.0" } }, "sha512-boU4EHmP3JXkwDo4uhyBhTt5pPstxB6eEXKJBu2yu2l7aAMMm7QQYQEzssJmKReZYrFdFOJS8koVo6bXIBGDqA=="],

    "get-tsconfig": ["get-tsconfig@4.13.0", "https://private-registry.torln.com/get-tsconfig/-/get-tsconfig-4.13.0.tgz", { "dependencies": { "resolve-pkg-maps": "^1.0.0" } }, "sha512-1VKTZJCwBrvbd+Wn3AOgQP/2Av+TfTCOlE4AcRJE72W1ksZXbAx8PPBR9RzgTeSPzlPMHrbANMH3LbltH73wxQ=="],

    "hookable": ["hookable@5.5.3", "https://private-registry.torln.com/hookable/-/hookable-5.5.3.tgz", {}, "sha512-Yc+BQe8SvoXH1643Qez1zqLRmbA5rCL+sSmk6TVos0LWVfNIB7PGncdlId77WzLGSIB5KaWgTaNTs2lNVEI6VQ=="],

    "ieee754": ["ieee754@1.2.1", "", {}, "sha512-dcyqhDvX1C46lXZcVqCpK+FtMRQVdIMN6/Df5js2zouUsqG7I6sFxitIC+7KYK29KdXOLHdu9zL4sFnoVQnqaA=="],

    "iterare": ["iterare@1.2.1", "", {}, "sha512-RKYVTCjAnRthyJes037NX/IiqeidgN1xc3j1RjFfECFp28A1GVwK9nA+i0rJPaHqSZwygLzRnFlzUuHFoWWy+Q=="],

    "jsesc": ["jsesc@3.1.0", "https://private-registry.torln.com/jsesc/-/jsesc-3.1.0.tgz", { "bin": { "jsesc": "bin/jsesc" } }, "sha512-/sM3dO2FOzXjKQhJuo0Q173wf2KOo8t4I8vHy6lF9poUp7bKT0/NHE8fPX23PwfhnykfqnC2xRxOnVw5XuGIaA=="],

    "load-esm": ["load-esm@1.0.3", "", {}, "sha512-v5xlu8eHD1+6r8EHTg6hfmO97LN8ugKtiXcy5e6oN72iD2r6u0RPfLl6fxM+7Wnh2ZRq15o0russMst44WauPA=="],

    "magic-string": ["magic-string@0.30.21", "https://private-registry.torln.com/magic-string/-/magic-string-0.30.21.tgz", { "dependencies": { "@jridgewell/sourcemap-codec": "^1.5.5" } }, "sha512-vd2F4YUyEXKGcLHoq+TEyCjxueSeHnFxyyjNp80yg0XV4vUhnDer/lvvlqM/arB5bXQN5K2/3oinyCRyx8T2CQ=="],

    "ms": ["ms@2.1.3", "", {}, "sha512-6FlzubTLZG3J2a/NVCAleEhjzq5oxgHyaCU9yYXvcLsvoVaHJq/s5xXI6/XXP6tz7R9xAOtHnSO/tXtF3WRTlA=="],

    "obug": ["obug@1.0.0", "https://private-registry.torln.com/obug/-/obug-1.0.0.tgz", { "peerDependencies": { "ms": "^2.0.0" }, "optionalPeers": ["ms"] }, "sha512-WKcS43Yl6YPJekid7KiRdT6CHMSmYWVfJiSFbTaGxWQlC+cEBPxHa9jR1uS2cMiQmXd8Hsa2ipAKErQ/GLhSpg=="],

    "pathe": ["pathe@2.0.3", "https://private-registry.torln.com/pathe/-/pathe-2.0.3.tgz", {}, "sha512-WUjGcAqP1gQacoQe+OBJsFA7Ld4DyXuUIjZ5cc75cLHvJ7dtNsTugphxIADwspS+AraAUePCKrSVtPLFj/F88w=="],

    "picomatch": ["picomatch@4.0.3", "https://private-registry.torln.com/picomatch/-/picomatch-4.0.3.tgz", {}, "sha512-5gTmgEY/sqK6gFXLIsQNH19lWb4ebPDLA4SdLP7dsWkIXHWlG66oPuVvXSGFPppYZz8ZDZq0dYYrbHfBCVUb1Q=="],

    "quansync": ["quansync@0.2.11", "https://private-registry.torln.com/quansync/-/quansync-0.2.11.tgz", {}, "sha512-AifT7QEbW9Nri4tAwR5M/uzpBuqfZf+zwaEM/QkzEjj7NBuFD2rBuy0K3dE+8wltbezDV7JMA0WfnCPYRSYbXA=="],

    "readdirp": ["readdirp@4.1.2", "https://private-registry.torln.com/readdirp/-/readdirp-4.1.2.tgz", {}, "sha512-GDhwkLfywWL2s6vEjyhri+eXmfH6j1L7JE27WhqLeYzoh/A3DBaYGEj2H/HFZCn/kMfim73FXxEJTw06WtxQwg=="],

    "reflect-metadata": ["reflect-metadata@0.2.2", "", {}, "sha512-urBwgfrvVP/eAyXx4hluJivBKzuEbSQs9rKWCrCkbSxNv8mxPcUZKeuoF3Uy4mJl3Lwprp6yy5/39VWigZ4K6Q=="],

    "resolve-pkg-maps": ["resolve-pkg-maps@1.0.0", "https://private-registry.torln.com/resolve-pkg-maps/-/resolve-pkg-maps-1.0.0.tgz", {}, "sha512-seS2Tj26TBVOC2NIc2rOe2y2ZO7efxITtLZcGSOnHHNOQ7CkiUBfw0Iw2ck6xkIhPwLhKNLS8BO+hEpngQlqzw=="],

    "rolldown": ["rolldown@1.0.0-beta.50", "https://private-registry.torln.com/rolldown/-/rolldown-1.0.0-beta.50.tgz", { "dependencies": { "@oxc-project/types": "=0.97.0", "@rolldown/pluginutils": "1.0.0-beta.50" }, "optionalDependencies": { "@rolldown/binding-android-arm64": "1.0.0-beta.50", "@rolldown/binding-darwin-arm64": "1.0.0-beta.50", "@rolldown/binding-darwin-x64": "1.0.0-beta.50", "@rolldown/binding-freebsd-x64": "1.0.0-beta.50", "@rolldown/binding-linux-arm-gnueabihf": "1.0.0-beta.50", "@rolldown/binding-linux-arm64-gnu": "1.0.0-beta.50", "@rolldown/binding-linux-arm64-musl": "1.0.0-beta.50", "@rolldown/binding-linux-x64-gnu": "1.0.0-beta.50", "@rolldown/binding-linux-x64-musl": "1.0.0-beta.50", "@rolldown/binding-openharmony-arm64": "1.0.0-beta.50", "@rolldown/binding-wasm32-wasi": "1.0.0-beta.50", "@rolldown/binding-win32-arm64-msvc": "1.0.0-beta.50", "@rolldown/binding-win32-ia32-msvc": "1.0.0-beta.50", "@rolldown/binding-win32-x64-msvc": "1.0.0-beta.50" }, "bin": { "rolldown": "bin/cli.mjs" } }, "sha512-JFULvCNl/anKn99eKjOSEubi0lLmNqQDAjyEMME2T4CwezUDL0i6t1O9xZsu2OMehPnV2caNefWpGF+8TnzB6A=="],

    "rolldown-plugin-dts": ["rolldown-plugin-dts@0.17.7", "https://private-registry.torln.com/rolldown-plugin-dts/-/rolldown-plugin-dts-0.17.7.tgz", { "dependencies": { "@babel/generator": "^7.28.5", "@babel/parser": "^7.28.5", "@babel/types": "^7.28.5", "ast-kit": "^2.2.0", "birpc": "^2.8.0", "dts-resolver": "^2.1.3", "get-tsconfig": "^4.13.0", "magic-string": "^0.30.21", "obug": "^1.0.0" }, "peerDependencies": { "@ts-macro/tsc": "^0.3.6", "@typescript/native-preview": ">=7.0.0-dev.20250601.1", "rolldown": "^1.0.0-beta.44", "typescript": "^5.0.0", "vue-tsc": "~3.1.0" }, "optionalPeers": ["@ts-macro/tsc", "@typescript/native-preview", "typescript", "vue-tsc"] }, "sha512-ZGgXMhzCItmznNzbJlTcC/KdM6bIwcZoYUykJ2q14HOGvnMhnl2RXU+XrIrdjA2Hyzq3nWqDH7qWaM5a4uCVnw=="],

    "rxjs": ["rxjs@7.8.2", "", { "dependencies": { "tslib": "^2.1.0" } }, "sha512-dhKf903U/PQZY6boNNtAGdWbG85WAbjT/1xYoZIC7FAY0yWapOBQVsVrDl58W86//e1VpMNBtRV4MaXfdMySFA=="],

    "semver": ["semver@7.7.3", "https://private-registry.torln.com/semver/-/semver-7.7.3.tgz", { "bin": { "semver": "bin/semver.js" } }, "sha512-SdsKMrI9TdgjdweUSR9MweHA4EJ8YxHn8DFaDisvhVlUOe4BF1tLD7GAj0lIqWVl+dPb/rExr0Btby5loQm20Q=="],

    "strtok3": ["strtok3@10.3.4", "", { "dependencies": { "@tokenizer/token": "^0.3.0" } }, "sha512-KIy5nylvC5le1OdaaoCJ07L+8iQzJHGH6pWDuzS+d07Cu7n1MZ2x26P8ZKIWfbK02+XIL8Mp4RkWeqdUCrDMfg=="],

    "tinyexec": ["tinyexec@1.0.2", "https://private-registry.torln.com/tinyexec/-/tinyexec-1.0.2.tgz", {}, "sha512-W/KYk+NFhkmsYpuHq5JykngiOCnxeVL8v8dFnqxSD8qEEdRfXk1SDM6JzNqcERbcGYj9tMrDQBYV9cjgnunFIg=="],

    "tinyglobby": ["tinyglobby@0.2.15", "https://private-registry.torln.com/tinyglobby/-/tinyglobby-0.2.15.tgz", { "dependencies": { "fdir": "^6.5.0", "picomatch": "^4.0.3" } }, "sha512-j2Zq4NyQYG5XMST4cbs02Ak8iJUdxRM0XI5QyxXuZOzKOINmWurp3smXu3y5wDcJrptwpSjgXHzIQxR0omXljQ=="],

    "token-types": ["token-types@6.1.1", "", { "dependencies": { "@borewit/text-codec": "^0.1.0", "@tokenizer/token": "^0.3.0", "ieee754": "^1.2.1" } }, "sha512-kh9LVIWH5CnL63Ipf0jhlBIy0UsrMj/NJDfpsy1SqOXlLKEVyXXYrnFxFT1yOOYVGBSApeVnjPw/sBz5BfEjAQ=="],

    "tree-kill": ["tree-kill@1.2.2", "https://private-registry.torln.com/tree-kill/-/tree-kill-1.2.2.tgz", { "bin": { "tree-kill": "cli.js" } }, "sha512-L0Orpi8qGpRG//Nd+H90vFB+3iHnue1zSSGmNOOCh1GLJ7rUKVwV2HvijphGQS2UmhUZewS9VgvxYIdgr+fG1A=="],

    "tsdown": ["tsdown@0.16.4", "https://private-registry.torln.com/tsdown/-/tsdown-0.16.4.tgz", { "dependencies": { "ansis": "^4.2.0", "cac": "^6.7.14", "chokidar": "^4.0.3", "diff": "^8.0.2", "empathic": "^2.0.0", "hookable": "^5.5.3", "obug": "^1.0.0", "rolldown": "1.0.0-beta.50", "rolldown-plugin-dts": "^0.17.7", "semver": "^7.7.3", "tinyexec": "^1.0.2", "tinyglobby": "^0.2.15", "tree-kill": "^1.2.2", "unconfig-core": "^7.4.1", "unrun": "^0.2.9" }, "peerDependencies": { "@arethetypeswrong/core": "^0.18.1", "@vitejs/devtools": "^0.0.0-alpha.17", "publint": "^0.3.0", "typescript": "^5.0.0", "unplugin-lightningcss": "^0.4.0", "unplugin-unused": "^0.5.0" }, "optionalPeers": ["@arethetypeswrong/core", "@vitejs/devtools", "publint", "typescript", "unplugin-lightningcss", "unplugin-unused"], "bin": { "tsdown": "dist/run.mjs" } }, "sha512-tdhy+EQpZSVrVkDRnjKEKVfh1git2HrliGp3SylRNg7kk+lOx3SvT7NLakKX5grPAg8WrZrXWLPUrCegWupqgg=="],

    "tslib": ["tslib@2.8.1", "", {}, "sha512-oJFu94HQb+KVduSUQL7wnpmqnfmLsOA/nAh6b6EH0wCEoK0/mPeXU6c3wKDV83MkOuHPRHtSXKKU99IBazS/2w=="],

    "typescript": ["typescript@5.9.3", "", { "bin": { "tsc": "bin/tsc", "tsserver": "bin/tsserver" } }, "sha512-jl1vZzPDinLr9eUt3J/t7V6FgNEw9QjvBPdysz9KfQDD41fQrC2Y4vKQdiaUpFT4bXlb1RHhLpp8wtm6M5TgSw=="],

    "uWebSockets.js": ["uWebSockets.js@20.56.0", "https://private-registry.torln.com/uWebSockets.js/-/uWebSockets.js-20.56.0.tgz", {}, "sha512-n6PfJrKDP8BqycBIjQo8AYc2K3qnZUMXl/yNNzX4hMRQWbrl6dLHWcWFUBWo9AscGqANJbWMULqTB5cERvkMtA=="],

    "uid": ["uid@2.0.2", "", { "dependencies": { "@lukeed/csprng": "^1.0.0" } }, "sha512-u3xV3X7uzvi5b1MncmZo3i2Aw222Zk1keqLA1YkHldREkAhAqi65wuPfe7lHx8H/Wzy+8CE7S7uS3jekIM5s8g=="],

    "uint8array-extras": ["uint8array-extras@1.5.0", "", {}, "sha512-rvKSBiC5zqCCiDZ9kAOszZcDvdAHwwIKJG33Ykj43OKcWsnmcBRL09YTU4nOeHZ8Y2a7l1MgTd08SBe9A8Qj6A=="],

    "unconfig-core": ["unconfig-core@7.4.1", "https://private-registry.torln.com/unconfig-core/-/unconfig-core-7.4.1.tgz", { "dependencies": { "@quansync/fs": "^0.1.5", "quansync": "^0.2.11" } }, "sha512-Bp/bPZjV2Vl/fofoA2OYLSnw1Z0MOhCX7zHnVCYrazpfZvseBbGhwcNQMxsg185Mqh7VZQqK3C8hFG/Dyng+yA=="],

    "undici-types": ["undici-types@7.16.0", "", {}, "sha512-Zz+aZWSj8LE6zoxD+xrjh4VfkIG8Ya6LvYkZqtUQGJPZjYl53ypCaUwWqo7eI0x66KBGeRo+mlBEkMSeSZ38Nw=="],

    "unrun": ["unrun@0.2.9", "https://private-registry.torln.com/unrun/-/unrun-0.2.9.tgz", { "dependencies": { "@oxc-project/runtime": "^0.97.0", "rolldown": "1.0.0-beta.50" }, "peerDependencies": { "synckit": "^0.11.11" }, "optionalPeers": ["synckit"], "bin": { "unrun": "dist/cli.mjs" } }, "sha512-Cta7uGK/08OqH2O0HLYXs1AfIBp2+2v11ZoeAIqJLUCb9CN+7uxj+CldHCzqAw30b8MJEmWe+BFgK2sl4lJXlw=="],
  }
}
